// !$*UTF8*$!
{
	archiveVersion = 1;
	classes = {
	};
	objectVersion = 46;
	objects = {

/* Begin PBXBuildFile section */
		61782EBA1B6ADBD500DE2770 /* main.m in Sources */ = {isa = PBXBuildFile; fileRef = 61782EB91B6ADBD500DE2770 /* main.m */; };
		61782EBD1B6ADBD500DE2770 /* AppDelegate.m in Sources */ = {isa = PBXBuildFile; fileRef = 61782EBC1B6ADBD500DE2770 /* AppDelegate.m */; };
		61782EC01B6ADBD500DE2770 /* Example1.m in Sources */ = {isa = PBXBuildFile; fileRef = 61782EBF1B6ADBD500DE2770 /* Example1.m */; };
		61782EC31B6ADBD500DE2770 /* Main.storyboard in Resources */ = {isa = PBXBuildFile; fileRef = 61782EC11B6ADBD500DE2770 /* Main.storyboard */; };
		61782EC51B6ADBD500DE2770 /* Images.xcassets in Resources */ = {isa = PBXBuildFile; fileRef = 61782EC41B6ADBD500DE2770 /* Images.xcassets */; };
		61782EC81B6ADBD500DE2770 /* LaunchScreen.xib in Resources */ = {isa = PBXBuildFile; fileRef = 61782EC61B6ADBD500DE2770 /* LaunchScreen.xib */; };
		61782ED41B6ADBD500DE2770 /* debuggingTests.m in Sources */ = {isa = PBXBuildFile; fileRef = 61782ED31B6ADBD500DE2770 /* debuggingTests.m */; };
		618AD5C91B6AE9C600B1274A /* Example2.m in Sources */ = {isa = PBXBuildFile; fileRef = 618AD5C81B6AE9C600B1274A /* Example2.m */; };
		618AD5CD1B6AEFCB00B1274A /* TableViewController.m in Sources */ = {isa = PBXBuildFile; fileRef = 618AD5CC1B6AEFCB00B1274A /* TableViewController.m */; };
		618AD5D01B6AF7B200B1274A /* Example1Modal.m in Sources */ = {isa = PBXBuildFile; fileRef = 618AD5CF1B6AF7B200B1274A /* Example1Modal.m */; };
/* End PBXBuildFile section */

/* Begin PBXContainerItemProxy section */
		61782ECE1B6ADBD500DE2770 /* PBXContainerItemProxy */ = {
			isa = PBXContainerItemProxy;
			containerPortal = 61782EAC1B6ADBD500DE2770 /* Project object */;
			proxyType = 1;
			remoteGlobalIDString = 61782EB31B6ADBD500DE2770;
			remoteInfo = debugging;
		};
/* End PBXContainerItemProxy section */

/* Begin PBXFileReference section */
		61782EB41B6ADBD500DE2770 /* debugging.app */ = {isa = PBXFileReference; explicitFileType = wrapper.application; includeInIndex = 0; path = debugging.app; sourceTree = BUILT_PRODUCTS_DIR; };
		61782EB81B6ADBD500DE2770 /* Info.plist */ = {isa = PBXFileReference; lastKnownFileType = text.plist.xml; path = Info.plist; sourceTree = "<group>"; };
		61782EB91B6ADBD500DE2770 /* main.m */ = {isa = PBXFileReference; lastKnownFileType = sourcecode.c.objc; path = main.m; sourceTree = "<group>"; };
		61782EBB1B6ADBD500DE2770 /* AppDelegate.h */ = {isa = PBXFileReference; lastKnownFileType = sourcecode.c.h; path = AppDelegate.h; sourceTree = "<group>"; };
		61782EBC1B6ADBD500DE2770 /* AppDelegate.m */ = {isa = PBXFileReference; lastKnownFileType = sourcecode.c.objc; path = AppDelegate.m; sourceTree = "<group>"; };
		61782EBE1B6ADBD500DE2770 /* Example1.h */ = {isa = PBXFileReference; lastKnownFileType = sourcecode.c.h; path = Example1.h; sourceTree = "<group>"; };
		61782EBF1B6ADBD500DE2770 /* Example1.m */ = {isa = PBXFileReference; lastKnownFileType = sourcecode.c.objc; path = Example1.m; sourceTree = "<group>"; };
		61782EC21B6ADBD500DE2770 /* Base */ = {isa = PBXFileReference; lastKnownFileType = file.storyboard; name = Base; path = Base.lproj/Main.storyboard; sourceTree = "<group>"; };
		61782EC41B6ADBD500DE2770 /* Images.xcassets */ = {isa = PBXFileReference; lastKnownFileType = folder.assetcatalog; path = Images.xcassets; sourceTree = "<group>"; };
		61782EC71B6ADBD500DE2770 /* Base */ = {isa = PBXFileReference; lastKnownFileType = file.xib; name = Base; path = Base.lproj/LaunchScreen.xib; sourceTree = "<group>"; };
		61782ECD1B6ADBD500DE2770 /* debuggingTests.xctest */ = {isa = PBXFileReference; explicitFileType = wrapper.cfbundle; includeInIndex = 0; path = debuggingTests.xctest; sourceTree = BUILT_PRODUCTS_DIR; };
		61782ED21B6ADBD500DE2770 /* Info.plist */ = {isa = PBXFileReference; lastKnownFileType = text.plist.xml; path = Info.plist; sourceTree = "<group>"; };
		61782ED31B6ADBD500DE2770 /* debuggingTests.m */ = {isa = PBXFileReference; lastKnownFileType = sourcecode.c.objc; path = debuggingTests.m; sourceTree = "<group>"; };
		618AD5C71B6AE9C600B1274A /* Example2.h */ = {isa = PBXFileReference; fileEncoding = 4; lastKnownFileType = sourcecode.c.h; path = Example2.h; sourceTree = "<group>"; };
		618AD5C81B6AE9C600B1274A /* Example2.m */ = {isa = PBXFileReference; fileEncoding = 4; lastKnownFileType = sourcecode.c.objc; path = Example2.m; sourceTree = "<group>"; };
		618AD5CB1B6AEFCB00B1274A /* TableViewController.h */ = {isa = PBXFileReference; fileEncoding = 4; lastKnownFileType = sourcecode.c.h; path = TableViewController.h; sourceTree = "<group>"; };
		618AD5CC1B6AEFCB00B1274A /* TableViewController.m */ = {isa = PBXFileReference; fileEncoding = 4; lastKnownFileType = sourcecode.c.objc; path = TableViewController.m; sourceTree = "<group>"; };
		618AD5CE1B6AF7B200B1274A /* Example1Modal.h */ = {isa = PBXFileReference; fileEncoding = 4; lastKnownFileType = sourcecode.c.h; path = Example1Modal.h; sourceTree = "<group>"; };
		618AD5CF1B6AF7B200B1274A /* Example1Modal.m */ = {isa = PBXFileReference; fileEncoding = 4; lastKnownFileType = sourcecode.c.objc; path = Example1Modal.m; sourceTree = "<group>"; };
/* End PBXFileReference section */

/* Begin PBXFrameworksBuildPhase section */
		61782EB11B6ADBD500DE2770 /* Frameworks */ = {
			isa = PBXFrameworksBuildPhase;
			buildActionMask = 2147483647;
			files = (
			);
			runOnlyForDeploymentPostprocessing = 0;
		};
		61782ECA1B6ADBD500DE2770 /* Frameworks */ = {
			isa = PBXFrameworksBuildPhase;
			buildActionMask = 2147483647;
			files = (
			);
			runOnlyForDeploymentPostprocessing = 0;
		};
/* End PBXFrameworksBuildPhase section */

/* Begin PBXGroup section */
		61782EAB1B6ADBD500DE2770 = {
			isa = PBXGroup;
			children = (
				61782EB61B6ADBD500DE2770 /* debugging */,
				61782ED01B6ADBD500DE2770 /* debuggingTests */,
				61782EB51B6ADBD500DE2770 /* Products */,
			);
			sourceTree = "<group>";
		};
		61782EB51B6ADBD500DE2770 /* Products */ = {
			isa = PBXGroup;
			children = (
				61782EB41B6ADBD500DE2770 /* debugging.app */,
				61782ECD1B6ADBD500DE2770 /* debuggingTests.xctest */,
			);
			name = Products;
			sourceTree = "<group>";
		};
		61782EB61B6ADBD500DE2770 /* debugging */ = {
			isa = PBXGroup;
			children = (
				61782EBB1B6ADBD500DE2770 /* AppDelegate.h */,
				61782EBC1B6ADBD500DE2770 /* AppDelegate.m */,
				618AD5C51B6ADF2500B1274A /* Example 1 */,
				618AD5C61B6AE9B300B1274A /* Example 2 */,
				618AD5CA1B6AEFAD00B1274A /* Example 3 */,
				61782EC11B6ADBD500DE2770 /* Main.storyboard */,
				61782EC41B6ADBD500DE2770 /* Images.xcassets */,
				61782EC61B6ADBD500DE2770 /* LaunchScreen.xib */,
				61782EB71B6ADBD500DE2770 /* Supporting Files */,
			);
			path = debugging;
			sourceTree = "<group>";
		};
		61782EB71B6ADBD500DE2770 /* Supporting Files */ = {
			isa = PBXGroup;
			children = (
				61782EB81B6ADBD500DE2770 /* Info.plist */,
				61782EB91B6ADBD500DE2770 /* main.m */,
			);
			name = "Supporting Files";
			sourceTree = "<group>";
		};
		61782ED01B6ADBD500DE2770 /* debuggingTests */ = {
			isa = PBXGroup;
			children = (
				61782ED31B6ADBD500DE2770 /* debuggingTests.m */,
				61782ED11B6ADBD500DE2770 /* Supporting Files */,
			);
			path = debuggingTests;
			sourceTree = "<group>";
		};
		61782ED11B6ADBD500DE2770 /* Supporting Files */ = {
			isa = PBXGroup;
			children = (
				61782ED21B6ADBD500DE2770 /* Info.plist */,
			);
			name = "Supporting Files";
			sourceTree = "<group>";
		};
		618AD5C51B6ADF2500B1274A /* Example 1 */ = {
			isa = PBXGroup;
			children = (
				61782EBE1B6ADBD500DE2770 /* Example1.h */,
				61782EBF1B6ADBD500DE2770 /* Example1.m */,
				618AD5CE1B6AF7B200B1274A /* Example1Modal.h */,
				618AD5CF1B6AF7B200B1274A /* Example1Modal.m */,
			);
			name = "Example 1";
			sourceTree = "<group>";
		};
		618AD5C61B6AE9B300B1274A /* Example 2 */ = {
			isa = PBXGroup;
			children = (
				618AD5C71B6AE9C600B1274A /* Example2.h */,
				618AD5C81B6AE9C600B1274A /* Example2.m */,
			);
			name = "Example 2";
			sourceTree = "<group>";
		};
		618AD5CA1B6AEFAD00B1274A /* Example 3 */ = {
			isa = PBXGroup;
			children = (
				618AD5CB1B6AEFCB00B1274A /* TableViewController.h */,
				618AD5CC1B6AEFCB00B1274A /* TableViewController.m */,
			);
			name = "Example 3";
			sourceTree = "<group>";
		};
/* End PBXGroup section */

/* Begin PBXNativeTarget section */
		61782EB31B6ADBD500DE2770 /* debugging */ = {
			isa = PBXNativeTarget;
			buildConfigurationList = 61782ED71B6ADBD500DE2770 /* Build configuration list for PBXNativeTarget "debugging" */;
			buildPhases = (
				61782EB01B6ADBD500DE2770 /* Sources */,
				61782EB11B6ADBD500DE2770 /* Frameworks */,
				61782EB21B6ADBD500DE2770 /* Resources */,
			);
			buildRules = (
			);
			dependencies = (
			);
			name = debugging;
			productName = debugging;
			productReference = 61782EB41B6ADBD500DE2770 /* debugging.app */;
			productType = "com.apple.product-type.application";
		};
		61782ECC1B6ADBD500DE2770 /* debuggingTests */ = {
			isa = PBXNativeTarget;
			buildConfigurationList = 61782EDA1B6ADBD500DE2770 /* Build configuration list for PBXNativeTarget "debuggingTests" */;
			buildPhases = (
				61782EC91B6ADBD500DE2770 /* Sources */,
				61782ECA1B6ADBD500DE2770 /* Frameworks */,
				61782ECB1B6ADBD500DE2770 /* Resources */,
			);
			buildRules = (
			);
			dependencies = (
				61782ECF1B6ADBD500DE2770 /* PBXTargetDependency */,
			);
			name = debuggingTests;
			productName = debuggingTests;
			productReference = 61782ECD1B6ADBD500DE2770 /* debuggingTests.xctest */;
			productType = "com.apple.product-type.bundle.unit-test";
		};
/* End PBXNativeTarget section */

/* Begin PBXProject section */
		61782EAC1B6ADBD500DE2770 /* Project object */ = {
			isa = PBXProject;
			attributes = {
				LastUpgradeCheck = 0640;
				ORGANIZATIONNAME = "Pendar Labs";
				TargetAttributes = {
					61782EB31B6ADBD500DE2770 = {
						CreatedOnToolsVersion = 6.4;
					};
					61782ECC1B6ADBD500DE2770 = {
						CreatedOnToolsVersion = 6.4;
						TestTargetID = 61782EB31B6ADBD500DE2770;
					};
				};
			};
			buildConfigurationList = 61782EAF1B6ADBD500DE2770 /* Build configuration list for PBXProject "debugging" */;
			compatibilityVersion = "Xcode 3.2";
			developmentRegion = English;
			hasScannedForEncodings = 0;
			knownRegions = (
				en,
				Base,
			);
			mainGroup = 61782EAB1B6ADBD500DE2770;
			productRefGroup = 61782EB51B6ADBD500DE2770 /* Products */;
			projectDirPath = "";
			projectRoot = "";
			targets = (
				61782EB31B6ADBD500DE2770 /* debugging */,
				61782ECC1B6ADBD500DE2770 /* debuggingTests */,
			);
		};
/* End PBXProject section */

/* Begin PBXResourcesBuildPhase section */
		61782EB21B6ADBD500DE2770 /* Resources */ = {
			isa = PBXResourcesBuildPhase;
			buildActionMask = 2147483647;
			files = (
				61782EC31B6ADBD500DE2770 /* Main.storyboard in Resources */,
				61782EC81B6ADBD500DE2770 /* LaunchScreen.xib in Resources */,
				61782EC51B6ADBD500DE2770 /* Images.xcassets in Resources */,
			);
			runOnlyForDeploymentPostprocessing = 0;
		};
		61782ECB1B6ADBD500DE2770 /* Resources */ = {
			isa = PBXResourcesBuildPhase;
			buildActionMask = 2147483647;
			files = (
			);
			runOnlyForDeploymentPostprocessing = 0;
		};
/* End PBXResourcesBuildPhase section */

/* Begin PBXSourcesBuildPhase section */
		61782EB01B6ADBD500DE2770 /* Sources */ = {
			isa = PBXSourcesBuildPhase;
			buildActionMask = 2147483647;
			files = (
				61782EC01B6ADBD500DE2770 /* Example1.m in Sources */,
				618AD5C91B6AE9C600B1274A /* Example2.m in Sources */,
				61782EBD1B6ADBD500DE2770 /* AppDelegate.m in Sources */,
				618AD5CD1B6AEFCB00B1274A /* TableViewController.m in Sources */,
				618AD5D01B6AF7B200B1274A /* Example1Modal.m in Sources */,
				61782EBA1B6ADBD500DE2770 /* main.m in Sources */,
			);
			runOnlyForDeploymentPostprocessing = 0;
		};
		61782EC91B6ADBD500DE2770 /* Sources */ = {
			isa = PBXSourcesBuildPhase;
			buildActionMask = 2147483647;
			files = (
				61782ED41B6ADBD500DE2770 /* debuggingTests.m in Sources */,
			);
			runOnlyForDeploymentPostprocessing = 0;
		};
/* End PBXSourcesBuildPhase section */

/* Begin PBXTargetDependency section */
		61782ECF1B6ADBD500DE2770 /* PBXTargetDependency */ = {
			isa = PBXTargetDependency;
			target = 61782EB31B6ADBD500DE2770 /* debugging */;
			targetProxy = 61782ECE1B6ADBD500DE2770 /* PBXContainerItemProxy */;
		};
/* End PBXTargetDependency section */

/* Begin PBXVariantGroup section */
		61782EC11B6ADBD500DE2770 /* Main.storyboard */ = {
			isa = PBXVariantGroup;
			children = (
				61782EC21B6ADBD500DE2770 /* Base */,
			);
			name = Main.storyboard;
			sourceTree = "<group>";
		};
		61782EC61B6ADBD500DE2770 /* LaunchScreen.xib */ = {
			isa = PBXVariantGroup;
			children = (
				61782EC71B6ADBD500DE2770 /* Base */,
			);
			name = LaunchScreen.xib;
			sourceTree = "<group>";
		};
/* End PBXVariantGroup section */

/* Begin XCBuildConfiguration section */
		61782ED51B6ADBD500DE2770 /* Debug */ = {
			isa = XCBuildConfiguration;
			buildSettings = {
				ALWAYS_SEARCH_USER_PATHS = NO;
				CLANG_CXX_LANGUAGE_STANDARD = "gnu++0x";
				CLANG_CXX_LIBRARY = "libc++";
				CLANG_ENABLE_MODULES = YES;
				CLANG_ENABLE_OBJC_ARC = YES;
				CLANG_WARN_BOOL_CONVERSION = YES;
				CLANG_WARN_CONSTANT_CONVERSION = YES;
				CLANG_WARN_DIRECT_OBJC_ISA_USAGE = YES_ERROR;
				CLANG_WARN_EMPTY_BODY = YES;
				CLANG_WARN_ENUM_CONVERSION = YES;
				CLANG_WARN_INT_CONVERSION = YES;
				CLANG_WARN_OBJC_ROOT_CLASS = YES_ERROR;
				CLANG_WARN_UNREACHABLE_CODE = YES;
				CLANG_WARN__DUPLICATE_METHOD_MATCH = YES;
				"CODE_SIGN_IDENTITY[sdk=iphoneos*]" = "iPhone Developer";
				COPY_PHASE_STRIP = NO;
				DEBUG_INFORMATION_FORMAT = "dwarf-with-dsym";
				ENABLE_STRICT_OBJC_MSGSEND = YES;
				GCC_C_LANGUAGE_STANDARD = gnu99;
				GCC_DYNAMIC_NO_PIC = NO;
				GCC_NO_COMMON_BLOCKS = YES;
				GCC_OPTIMIZATION_LEVEL = 0;
				GCC_PREPROCESSOR_DEFINITIONS = (
					"DEBUG=1",
					"$(inherited)",
				);
				GCC_SYMBOLS_PRIVATE_EXTERN = NO;
				GCC_WARN_64_TO_32_BIT_CONVERSION = YES;
				GCC_WARN_ABOUT_RETURN_TYPE = YES_ERROR;
				GCC_WARN_UNDECLARED_SELECTOR = YES;
				GCC_WARN_UNINITIALIZED_AUTOS = YES_AGGRESSIVE;
				GCC_WARN_UNUSED_FUNCTION = YES;
				GCC_WARN_UNUSED_VARIABLE = YES;
				IPHONEOS_DEPLOYMENT_TARGET = 8.4;
				MTL_ENABLE_DEBUG_INFO = YES;
				ONLY_ACTIVE_ARCH = YES;
				SDKROOT = iphoneos;
			};
			name = Debug;
		};
		61782ED61B6ADBD500DE2770 /* Release */ = {
			isa = XCBuildConfiguration;
			buildSettings = {
				ALWAYS_SEARCH_USER_PATHS = NO;
				CLANG_CXX_LANGUAGE_STANDARD = "gnu++0x";
				CLANG_CXX_LIBRARY = "libc++";
				CLANG_ENABLE_MODULES = YES;
				CLANG_ENABLE_OBJC_ARC = YES;
				CLANG_WARN_BOOL_CONVERSION = YES;
				CLANG_WARN_CONSTANT_CONVERSION = YES;
				CLANG_WARN_DIRECT_OBJC_ISA_USAGE = YES_ERROR;
				CLANG_WARN_EMPTY_BODY = YES;
				CLANG_WARN_ENUM_CONVERSION = YES;
				CLANG_WARN_INT_CONVERSION = YES;
				CLANG_WARN_OBJC_ROOT_CLASS = YES_ERROR;
				CLANG_WARN_UNREACHABLE_CODE = YES;
				CLANG_WARN__DUPLICATE_METHOD_MATCH = YES;
				"CODE_SIGN_IDENTITY[sdk=iphoneos*]" = "iPhone Developer";
				COPY_PHASE_STRIP = NO;
				DEBUG_INFORMATION_FORMAT = "dwarf-with-dsym";
				ENABLE_NS_ASSERTIONS = NO;
				ENABLE_STRICT_OBJC_MSGSEND = YES;
				GCC_C_LANGUAGE_STANDARD = gnu99;
				GCC_NO_COMMON_BLOCKS = YES;
				GCC_WARN_64_TO_32_BIT_CONVERSION = YES;
				GCC_WARN_ABOUT_RETURN_TYPE = YES_ERROR;
				GCC_WARN_UNDECLARED_SELECTOR = YES;
				GCC_WARN_UNINITIALIZED_AUTOS = YES_AGGRESSIVE;
				GCC_WARN_UNUSED_FUNCTION = YES;
				GCC_WARN_UNUSED_VARIABLE = YES;
				IPHONEOS_DEPLOYMENT_TARGET = 8.4;
				MTL_ENABLE_DEBUG_INFO = NO;
				SDKROOT = iphoneos;
				VALIDATE_PRODUCT = YES;
			};
			name = Release;
		};
		61782ED81B6ADBD500DE2770 /* Debug */ = {
			isa = XCBuildConfiguration;
			buildSettings = {
				ASSETCATALOG_COMPILER_APPICON_NAME = AppIcon;
				INFOPLIST_FILE = debugging/Info.plist;
				LD_RUNPATH_SEARCH_PATHS = "$(inherited) @executable_path/Frameworks";
				PRODUCT_NAME = "$(TARGET_NAME)";
			};
			name = Debug;
		};
		61782ED91B6ADBD500DE2770 /* Release */ = {
			isa = XCBuildConfiguration;
			buildSettings = {
				ASSETCATALOG_COMPILER_APPICON_NAME = AppIcon;
				INFOPLIST_FILE = debugging/Info.plist;
				LD_RUNPATH_SEARCH_PATHS = "$(inherited) @executable_path/Frameworks";
				PRODUCT_NAME = "$(TARGET_NAME)";
			};
			name = Release;
		};
		61782EDB1B6ADBD500DE2770 /* Debug */ = {
			isa = XCBuildConfiguration;
			buildSettings = {
				BUNDLE_LOADER = "$(TEST_HOST)";
				FRAMEWORK_SEARCH_PATHS = (
					"$(SDKROOT)/Developer/Library/Frameworks",
					"$(inherited)",
				);
				GCC_PREPROCESSOR_DEFINITIONS = (
					"DEBUG=1",
					"$(inherited)",
				);
				INFOPLIST_FILE = debuggingTests/Info.plist;
				LD_RUNPATH_SEARCH_PATHS = "$(inherited) @executable_path/Frameworks @loader_path/Frameworks";
				PRODUCT_NAME = "$(TARGET_NAME)";
				TEST_HOST = "$(BUILT_PRODUCTS_DIR)/debugging.app/debugging";
			};
			name = Debug;
		};
		61782EDC1B6ADBD500DE2770 /* Release */ = {
			isa = XCBuildConfiguration;
			buildSettings = {
				BUNDLE_LOADER = "$(TEST_HOST)";
				FRAMEWORK_SEARCH_PATHS = (
					"$(SDKROOT)/Developer/Library/Frameworks",
					"$(inherited)",
				);
				INFOPLIST_FILE = debuggingTests/Info.plist;
				LD_RUNPATH_SEARCH_PATHS = "$(inherited) @executable_path/Frameworks @loader_path/Frameworks";
				PRODUCT_NAME = "$(TARGET_NAME)";
				TEST_HOST = "$(BUILT_PRODUCTS_DIR)/debugging.app/debugging";
			};
			name = Release;
		};
/* End XCBuildConfiguration section */

/* Begin XCConfigurationList section */
		61782EAF1B6ADBD500DE2770 /* Build configuration list for PBXProject "debugging" */ = {
			isa = XCConfigurationList;
			buildConfigurations = (
				61782ED51B6ADBD500DE2770 /* Debug */,
				61782ED61B6ADBD500DE2770 /* Release */,
			);
			defaultConfigurationIsVisible = 0;
			defaultConfigurationName = Release;
		};
		61782ED71B6ADBD500DE2770 /* Build configuration list for PBXNativeTarget "debugging" */ = {
			isa = XCConfigurationList;
			buildConfigurations = (
				61782ED81B6ADBD500DE2770 /* Debug */,
				61782ED91B6ADBD500DE2770 /* Release */,
			);
			defaultConfigurationIsVisible = 0;
			defaultConfigurationName = Release;
		};
		61782EDA1B6ADBD500DE2770 /* Build configuration list for PBXNativeTarget "debuggingTests" */ = {
			isa = XCConfigurationList;
			buildConfigurations = (
				61782EDB1B6ADBD500DE2770 /* Debug */,
				61782EDC1B6ADBD500DE2770 /* Release */,
			);
			defaultConfigurationIsVisible = 0;
			defaultConfigurationName = Release;
		};
/* End XCConfigurationList section */
	};
	rootObject = 61782EAC1B6ADBD500DE2770 /* Project object */;
}
